// !$*UTF8*$!
{
	archiveVersion = 1;
	classes = {
	};
	objectVersion = 46;
	objects = {

/* Begin PBXBuildFile section */
		331C44281E72F59C00818981 /* AppDelegate.swift in Sources */ = {isa = PBXBuildFile; fileRef = 331C44271E72F59C00818981 /* AppDelegate.swift */; };
		331C442D1E72F59C00818981 /* Main.storyboard in Resources */ = {isa = PBXBuildFile; fileRef = 331C442B1E72F59C00818981 /* Main.storyboard */; };
		331C442F1E72F59C00818981 /* Assets.xcassets in Resources */ = {isa = PBXBuildFile; fileRef = 331C442E1E72F59C00818981 /* Assets.xcassets */; };
		331C44321E72F59C00818981 /* LaunchScreen.storyboard in Resources */ = {isa = PBXBuildFile; fileRef = 331C44301E72F59C00818981 /* LaunchScreen.storyboard */; };
		331C443D1E72F59C00818981 /* MovieDemoTests.swift in Sources */ = {isa = PBXBuildFile; fileRef = 331C443C1E72F59C00818981 /* MovieDemoTests.swift */; };
		331C44481E72F59C00818981 /* MovieDemoUITests.swift in Sources */ = {isa = PBXBuildFile; fileRef = 331C44471E72F59C00818981 /* MovieDemoUITests.swift */; };
		331C445D1E72FA1500818981 /* RootRouter.swift in Sources */ = {isa = PBXBuildFile; fileRef = 331C445C1E72FA1500818981 /* RootRouter.swift */; };
		331C445F1E72FB2600818981 /* MovieListContract.swift in Sources */ = {isa = PBXBuildFile; fileRef = 331C445E1E72FB2600818981 /* MovieListContract.swift */; };
		331C44611E72FC1D00818981 /* MovieListRouter.swift in Sources */ = {isa = PBXBuildFile; fileRef = 331C44601E72FC1D00818981 /* MovieListRouter.swift */; };
		331C44651E72FE9400818981 /* R.swift in Sources */ = {isa = PBXBuildFile; fileRef = 331C44641E72FE9400818981 /* R.swift */; };
		331C44691E7323DE00818981 /* MovieListPresenter.swift in Sources */ = {isa = PBXBuildFile; fileRef = 331C44681E7323DE00818981 /* MovieListPresenter.swift */; };
		332464E21E73365C00FB0A0D /* MovieListInteractor.swift in Sources */ = {isa = PBXBuildFile; fileRef = 332464E11E73365C00FB0A0D /* MovieListInteractor.swift */; };
		332464E41E7336C800FB0A0D /* MovieListService.swift in Sources */ = {isa = PBXBuildFile; fileRef = 332464E31E7336C800FB0A0D /* MovieListService.swift */; };
		33AB59471E7370EE00963351 /* MovieListTests.swift in Sources */ = {isa = PBXBuildFile; fileRef = 33AB59461E7370EE00963351 /* MovieListTests.swift */; };
		33AB59481E73716200963351 /* MovieListPresenter.swift in Sources */ = {isa = PBXBuildFile; fileRef = 331C44681E7323DE00818981 /* MovieListPresenter.swift */; };
		33AB594B1E737BC300963351 /* MovieListContract.swift in Sources */ = {isa = PBXBuildFile; fileRef = 331C445E1E72FB2600818981 /* MovieListContract.swift */; };
		33AB594D1E737CA100963351 /* MovieListInteractor.swift in Sources */ = {isa = PBXBuildFile; fileRef = 332464E11E73365C00FB0A0D /* MovieListInteractor.swift */; };
		33AB594E1E737D2F00963351 /* MovieListService.swift in Sources */ = {isa = PBXBuildFile; fileRef = 332464E31E7336C800FB0A0D /* MovieListService.swift */; };
		33AB594F1E737D3F00963351 /* R.swift in Sources */ = {isa = PBXBuildFile; fileRef = 331C44641E72FE9400818981 /* R.swift */; };
		33AB595E1E73FA7E00963351 /* MovieDetailContract.swift in Sources */ = {isa = PBXBuildFile; fileRef = 33AB595D1E73FA7E00963351 /* MovieDetailContract.swift */; };
		33AB59601E73FBE400963351 /* MovieDetailViewController.swift in Sources */ = {isa = PBXBuildFile; fileRef = 33AB595F1E73FBE400963351 /* MovieDetailViewController.swift */; };
		33AB59621E73FDBE00963351 /* MovieDetailPresenter.swift in Sources */ = {isa = PBXBuildFile; fileRef = 33AB59611E73FDBE00963351 /* MovieDetailPresenter.swift */; };
		33AB59641E73FDF300963351 /* MovieDetailRouter.swift in Sources */ = {isa = PBXBuildFile; fileRef = 33AB59631E73FDF300963351 /* MovieDetailRouter.swift */; };
		33AB59671E743AB400963351 /* MovieDetailPresenter.swift in Sources */ = {isa = PBXBuildFile; fileRef = 33AB59611E73FDBE00963351 /* MovieDetailPresenter.swift */; };
		33AB59681E743AB800963351 /* MovieDetailContract.swift in Sources */ = {isa = PBXBuildFile; fileRef = 33AB595D1E73FA7E00963351 /* MovieDetailContract.swift */; };
		33AB59691E743ABE00963351 /* MovieDetailRouter.swift in Sources */ = {isa = PBXBuildFile; fileRef = 33AB59631E73FDF300963351 /* MovieDetailRouter.swift */; };
		33AB596A1E743AC200963351 /* MovieDetailViewController.swift in Sources */ = {isa = PBXBuildFile; fileRef = 33AB595F1E73FBE400963351 /* MovieDetailViewController.swift */; };
		33AB596C1E743F3200963351 /* MovieDetailTest.swift in Sources */ = {isa = PBXBuildFile; fileRef = 33AB596B1E743F3200963351 /* MovieDetailTest.swift */; };
		33AB59761E74432200963351 /* MovieDetailTableViewCell.swift in Sources */ = {isa = PBXBuildFile; fileRef = 33AB59701E74432200963351 /* MovieDetailTableViewCell.swift */; };
		33AB59771E74432200963351 /* MovieDetailTableViewCell.xib in Resources */ = {isa = PBXBuildFile; fileRef = 33AB59711E74432200963351 /* MovieDetailTableViewCell.xib */; };
		33AB59781E74432200963351 /* MovieHeaderTableViewCell.swift in Sources */ = {isa = PBXBuildFile; fileRef = 33AB59721E74432200963351 /* MovieHeaderTableViewCell.swift */; };
		33AB59791E74432200963351 /* MovieHeaderTableViewCell.xib in Resources */ = {isa = PBXBuildFile; fileRef = 33AB59731E74432200963351 /* MovieHeaderTableViewCell.xib */; };
		33AB597A1E74479500963351 /* MovieDetailTableViewCell.swift in Sources */ = {isa = PBXBuildFile; fileRef = 33AB59701E74432200963351 /* MovieDetailTableViewCell.swift */; };
		33AB597B1E74479900963351 /* MovieHeaderTableViewCell.swift in Sources */ = {isa = PBXBuildFile; fileRef = 33AB59721E74432200963351 /* MovieHeaderTableViewCell.swift */; };
		33AB59861E752A9600963351 /* Movie.swift in Sources */ = {isa = PBXBuildFile; fileRef = 33AB597F1E752A9600963351 /* Movie.swift */; };
		33AB59871E752A9600963351 /* MoviePageResponse.swift in Sources */ = {isa = PBXBuildFile; fileRef = 33AB59801E752A9600963351 /* MoviePageResponse.swift */; };
		33AB59881E752A9600963351 /* MovieCollectionViewCell.swift in Sources */ = {isa = PBXBuildFile; fileRef = 33AB59821E752A9600963351 /* MovieCollectionViewCell.swift */; };
		33AB59891E752A9600963351 /* MovieCollectionViewCell.xib in Resources */ = {isa = PBXBuildFile; fileRef = 33AB59831E752A9600963351 /* MovieCollectionViewCell.xib */; };
		33AB598A1E752A9600963351 /* MovieListViewController.swift in Sources */ = {isa = PBXBuildFile; fileRef = 33AB59841E752A9600963351 /* MovieListViewController.swift */; };
		33AB598B1E752A9600963351 /* MovieSearchResultViewController.swift in Sources */ = {isa = PBXBuildFile; fileRef = 33AB59851E752A9600963351 /* MovieSearchResultViewController.swift */; };
		33AB598C1E752AB800963351 /* Movie.swift in Sources */ = {isa = PBXBuildFile; fileRef = 33AB597F1E752A9600963351 /* Movie.swift */; };
		33AB598D1E752ACB00963351 /* MovieListViewController.swift in Sources */ = {isa = PBXBuildFile; fileRef = 33AB59841E752A9600963351 /* MovieListViewController.swift */; };
		33AB598E1E752ADA00963351 /* MoviePageResponse.swift in Sources */ = {isa = PBXBuildFile; fileRef = 33AB59801E752A9600963351 /* MoviePageResponse.swift */; };
		33AB598F1E752F9900963351 /* MovieCollectionViewCell.swift in Sources */ = {isa = PBXBuildFile; fileRef = 33AB59821E752A9600963351 /* MovieCollectionViewCell.swift */; };
		33AB59901E7534D300963351 /* MovieSearchResultViewController.swift in Sources */ = {isa = PBXBuildFile; fileRef = 33AB59851E752A9600963351 /* MovieSearchResultViewController.swift */; };
		33AB59951E755A6B00963351 /* StringExtension.swift in Sources */ = {isa = PBXBuildFile; fileRef = 33AB59941E755A6B00963351 /* StringExtension.swift */; };
		33AB59961E75619B00963351 /* StringExtension.swift in Sources */ = {isa = PBXBuildFile; fileRef = 33AB59941E755A6B00963351 /* StringExtension.swift */; };
		33AB59971E756D1E00963351 /* MovieListRouter.swift in Sources */ = {isa = PBXBuildFile; fileRef = 331C44601E72FC1D00818981 /* MovieListRouter.swift */; };
		33AB59991E7572CE00963351 /* HUDExtension.swift in Sources */ = {isa = PBXBuildFile; fileRef = 33AB59981E7572CE00963351 /* HUDExtension.swift */; };
		33AB599A1E75759500963351 /* HUDExtension.swift in Sources */ = {isa = PBXBuildFile; fileRef = 33AB59981E7572CE00963351 /* HUDExtension.swift */; };
		7AC641372C82370278D2FB8E /* Pods_MovieDemo.framework in Frameworks */ = {isa = PBXBuildFile; fileRef = 1947FCCB953A65B92F60AA8A /* Pods_MovieDemo.framework */; };
		C5178E249F78A62F23B197AE /* Pods_MovieDemoUITests.framework in Frameworks */ = {isa = PBXBuildFile; fileRef = DD9B7C6FD5E9D41E3D4DA036 /* Pods_MovieDemoUITests.framework */; };
		FE546EA4B59612BF3B186730 /* Pods_MovieDemoTests.framework in Frameworks */ = {isa = PBXBuildFile; fileRef = 1FF9A487A6B2A9CBC4292695 /* Pods_MovieDemoTests.framework */; };
/* End PBXBuildFile section */

/* Begin PBXContainerItemProxy section */
		331C44391E72F59C00818981 /* PBXContainerItemProxy */ = {
			isa = PBXContainerItemProxy;
			containerPortal = 331C441C1E72F59C00818981 /* Project object */;
			proxyType = 1;
			remoteGlobalIDString = 331C44231E72F59C00818981;
			remoteInfo = MovieDemo;
		};
		331C44441E72F59C00818981 /* PBXContainerItemProxy */ = {
			isa = PBXContainerItemProxy;
			containerPortal = 331C441C1E72F59C00818981 /* Project object */;
			proxyType = 1;
			remoteGlobalIDString = 331C44231E72F59C00818981;
			remoteInfo = MovieDemo;
		};
/* End PBXContainerItemProxy section */

/* Begin PBXFileReference section */
		1947FCCB953A65B92F60AA8A /* Pods_MovieDemo.framework */ = {isa = PBXFileReference; explicitFileType = wrapper.framework; includeInIndex = 0; path = Pods_MovieDemo.framework; sourceTree = BUILT_PRODUCTS_DIR; };
		1FF9A487A6B2A9CBC4292695 /* Pods_MovieDemoTests.framework */ = {isa = PBXFileReference; explicitFileType = wrapper.framework; includeInIndex = 0; path = Pods_MovieDemoTests.framework; sourceTree = BUILT_PRODUCTS_DIR; };
		270C356304F589D77436E696 /* Pods-MovieDemo.release.xcconfig */ = {isa = PBXFileReference; includeInIndex = 1; lastKnownFileType = text.xcconfig; name = "Pods-MovieDemo.release.xcconfig"; path = "Pods/Target Support Files/Pods-MovieDemo/Pods-MovieDemo.release.xcconfig"; sourceTree = "<group>"; };
		282763201CA2A45221B58D9F /* Pods-MovieDemo.debug.xcconfig */ = {isa = PBXFileReference; includeInIndex = 1; lastKnownFileType = text.xcconfig; name = "Pods-MovieDemo.debug.xcconfig"; path = "Pods/Target Support Files/Pods-MovieDemo/Pods-MovieDemo.debug.xcconfig"; sourceTree = "<group>"; };
		2E5206ADBB0B7CD782F49100 /* Pods-MovieDemoUITests.release.xcconfig */ = {isa = PBXFileReference; includeInIndex = 1; lastKnownFileType = text.xcconfig; name = "Pods-MovieDemoUITests.release.xcconfig"; path = "Pods/Target Support Files/Pods-MovieDemoUITests/Pods-MovieDemoUITests.release.xcconfig"; sourceTree = "<group>"; };
		331C44241E72F59C00818981 /* MovieDemo.app */ = {isa = PBXFileReference; explicitFileType = wrapper.application; includeInIndex = 0; path = MovieDemo.app; sourceTree = BUILT_PRODUCTS_DIR; };
		331C44271E72F59C00818981 /* AppDelegate.swift */ = {isa = PBXFileReference; lastKnownFileType = sourcecode.swift; path = AppDelegate.swift; sourceTree = "<group>"; };
		331C442C1E72F59C00818981 /* Base */ = {isa = PBXFileReference; lastKnownFileType = file.storyboard; name = Base; path = Base.lproj/Main.storyboard; sourceTree = "<group>"; };
		331C442E1E72F59C00818981 /* Assets.xcassets */ = {isa = PBXFileReference; lastKnownFileType = folder.assetcatalog; path = Assets.xcassets; sourceTree = "<group>"; };
		331C44311E72F59C00818981 /* Base */ = {isa = PBXFileReference; lastKnownFileType = file.storyboard; name = Base; path = Base.lproj/LaunchScreen.storyboard; sourceTree = "<group>"; };
		331C44331E72F59C00818981 /* Info.plist */ = {isa = PBXFileReference; lastKnownFileType = text.plist.xml; path = Info.plist; sourceTree = "<group>"; };
		331C44381E72F59C00818981 /* MovieDemoTests.xctest */ = {isa = PBXFileReference; explicitFileType = wrapper.cfbundle; includeInIndex = 0; path = MovieDemoTests.xctest; sourceTree = BUILT_PRODUCTS_DIR; };
		331C443C1E72F59C00818981 /* MovieDemoTests.swift */ = {isa = PBXFileReference; lastKnownFileType = sourcecode.swift; path = MovieDemoTests.swift; sourceTree = "<group>"; };
		331C443E1E72F59C00818981 /* Info.plist */ = {isa = PBXFileReference; lastKnownFileType = text.plist.xml; path = Info.plist; sourceTree = "<group>"; };
		331C44431E72F59C00818981 /* MovieDemoUITests.xctest */ = {isa = PBXFileReference; explicitFileType = wrapper.cfbundle; includeInIndex = 0; path = MovieDemoUITests.xctest; sourceTree = BUILT_PRODUCTS_DIR; };
		331C44471E72F59C00818981 /* MovieDemoUITests.swift */ = {isa = PBXFileReference; lastKnownFileType = sourcecode.swift; path = MovieDemoUITests.swift; sourceTree = "<group>"; };
		331C44491E72F59C00818981 /* Info.plist */ = {isa = PBXFileReference; lastKnownFileType = text.plist.xml; path = Info.plist; sourceTree = "<group>"; };
		331C445C1E72FA1500818981 /* RootRouter.swift */ = {isa = PBXFileReference; fileEncoding = 4; lastKnownFileType = sourcecode.swift; path = RootRouter.swift; sourceTree = "<group>"; };
		331C445E1E72FB2600818981 /* MovieListContract.swift */ = {isa = PBXFileReference; fileEncoding = 4; lastKnownFileType = sourcecode.swift; path = MovieListContract.swift; sourceTree = "<group>"; };
		331C44601E72FC1D00818981 /* MovieListRouter.swift */ = {isa = PBXFileReference; fileEncoding = 4; lastKnownFileType = sourcecode.swift; path = MovieListRouter.swift; sourceTree = "<group>"; };
		331C44641E72FE9400818981 /* R.swift */ = {isa = PBXFileReference; fileEncoding = 4; lastKnownFileType = sourcecode.swift; path = R.swift; sourceTree = "<group>"; };
		331C44681E7323DE00818981 /* MovieListPresenter.swift */ = {isa = PBXFileReference; fileEncoding = 4; lastKnownFileType = sourcecode.swift; path = MovieListPresenter.swift; sourceTree = "<group>"; };
		332464E11E73365C00FB0A0D /* MovieListInteractor.swift */ = {isa = PBXFileReference; fileEncoding = 4; lastKnownFileType = sourcecode.swift; path = MovieListInteractor.swift; sourceTree = "<group>"; };
		332464E31E7336C800FB0A0D /* MovieListService.swift */ = {isa = PBXFileReference; fileEncoding = 4; lastKnownFileType = sourcecode.swift; path = MovieListService.swift; sourceTree = "<group>"; };
		33AB59461E7370EE00963351 /* MovieListTests.swift */ = {isa = PBXFileReference; fileEncoding = 4; lastKnownFileType = sourcecode.swift; path = MovieListTests.swift; sourceTree = "<group>"; };
		33AB595D1E73FA7E00963351 /* MovieDetailContract.swift */ = {isa = PBXFileReference; fileEncoding = 4; lastKnownFileType = sourcecode.swift; path = MovieDetailContract.swift; sourceTree = "<group>"; };
		33AB595F1E73FBE400963351 /* MovieDetailViewController.swift */ = {isa = PBXFileReference; fileEncoding = 4; lastKnownFileType = sourcecode.swift; path = MovieDetailViewController.swift; sourceTree = "<group>"; };
		33AB59611E73FDBE00963351 /* MovieDetailPresenter.swift */ = {isa = PBXFileReference; fileEncoding = 4; lastKnownFileType = sourcecode.swift; path = MovieDetailPresenter.swift; sourceTree = "<group>"; };
		33AB59631E73FDF300963351 /* MovieDetailRouter.swift */ = {isa = PBXFileReference; fileEncoding = 4; lastKnownFileType = sourcecode.swift; path = MovieDetailRouter.swift; sourceTree = "<group>"; };
		33AB596B1E743F3200963351 /* MovieDetailTest.swift */ = {isa = PBXFileReference; fileEncoding = 4; lastKnownFileType = sourcecode.swift; path = MovieDetailTest.swift; sourceTree = "<group>"; };
		33AB59701E74432200963351 /* MovieDetailTableViewCell.swift */ = {isa = PBXFileReference; fileEncoding = 4; lastKnownFileType = sourcecode.swift; path = MovieDetailTableViewCell.swift; sourceTree = "<group>"; };
		33AB59711E74432200963351 /* MovieDetailTableViewCell.xib */ = {isa = PBXFileReference; fileEncoding = 4; lastKnownFileType = file.xib; path = MovieDetailTableViewCell.xib; sourceTree = "<group>"; };
		33AB59721E74432200963351 /* MovieHeaderTableViewCell.swift */ = {isa = PBXFileReference; fileEncoding = 4; lastKnownFileType = sourcecode.swift; path = MovieHeaderTableViewCell.swift; sourceTree = "<group>"; };
		33AB59731E74432200963351 /* MovieHeaderTableViewCell.xib */ = {isa = PBXFileReference; fileEncoding = 4; lastKnownFileType = file.xib; path = MovieHeaderTableViewCell.xib; sourceTree = "<group>"; };
		33AB597F1E752A9600963351 /* Movie.swift */ = {isa = PBXFileReference; fileEncoding = 4; lastKnownFileType = sourcecode.swift; path = Movie.swift; sourceTree = "<group>"; };
		33AB59801E752A9600963351 /* MoviePageResponse.swift */ = {isa = PBXFileReference; fileEncoding = 4; lastKnownFileType = sourcecode.swift; path = MoviePageResponse.swift; sourceTree = "<group>"; };
		33AB59821E752A9600963351 /* MovieCollectionViewCell.swift */ = {isa = PBXFileReference; fileEncoding = 4; lastKnownFileType = sourcecode.swift; path = MovieCollectionViewCell.swift; sourceTree = "<group>"; };
		33AB59831E752A9600963351 /* MovieCollectionViewCell.xib */ = {isa = PBXFileReference; fileEncoding = 4; lastKnownFileType = file.xib; path = MovieCollectionViewCell.xib; sourceTree = "<group>"; };
		33AB59841E752A9600963351 /* MovieListViewController.swift */ = {isa = PBXFileReference; fileEncoding = 4; lastKnownFileType = sourcecode.swift; path = MovieListViewController.swift; sourceTree = "<group>"; };
		33AB59851E752A9600963351 /* MovieSearchResultViewController.swift */ = {isa = PBXFileReference; fileEncoding = 4; lastKnownFileType = sourcecode.swift; path = MovieSearchResultViewController.swift; sourceTree = "<group>"; };
		33AB59941E755A6B00963351 /* StringExtension.swift */ = {isa = PBXFileReference; fileEncoding = 4; lastKnownFileType = sourcecode.swift; path = StringExtension.swift; sourceTree = "<group>"; };
		33AB59981E7572CE00963351 /* HUDExtension.swift */ = {isa = PBXFileReference; fileEncoding = 4; lastKnownFileType = sourcecode.swift; path = HUDExtension.swift; sourceTree = "<group>"; };
		3F8B17506E7F62BC470B7BE8 /* Pods-MovieDemoTests.debug.xcconfig */ = {isa = PBXFileReference; includeInIndex = 1; lastKnownFileType = text.xcconfig; name = "Pods-MovieDemoTests.debug.xcconfig"; path = "Pods/Target Support Files/Pods-MovieDemoTests/Pods-MovieDemoTests.debug.xcconfig"; sourceTree = "<group>"; };
		858A1DCB67F43AEE560FC825 /* Pods-MovieDemoTests.release.xcconfig */ = {isa = PBXFileReference; includeInIndex = 1; lastKnownFileType = text.xcconfig; name = "Pods-MovieDemoTests.release.xcconfig"; path = "Pods/Target Support Files/Pods-MovieDemoTests/Pods-MovieDemoTests.release.xcconfig"; sourceTree = "<group>"; };
		BCD6D8E5310DED4F0A4B48B3 /* Pods-MovieDemoUITests.debug.xcconfig */ = {isa = PBXFileReference; includeInIndex = 1; lastKnownFileType = text.xcconfig; name = "Pods-MovieDemoUITests.debug.xcconfig"; path = "Pods/Target Support Files/Pods-MovieDemoUITests/Pods-MovieDemoUITests.debug.xcconfig"; sourceTree = "<group>"; };
		DD9B7C6FD5E9D41E3D4DA036 /* Pods_MovieDemoUITests.framework */ = {isa = PBXFileReference; explicitFileType = wrapper.framework; includeInIndex = 0; path = Pods_MovieDemoUITests.framework; sourceTree = BUILT_PRODUCTS_DIR; };
/* End PBXFileReference section */

/* Begin PBXFrameworksBuildPhase section */
		331C44211E72F59C00818981 /* Frameworks */ = {
			isa = PBXFrameworksBuildPhase;
			buildActionMask = 2147483647;
			files = (
				7AC641372C82370278D2FB8E /* Pods_MovieDemo.framework in Frameworks */,
			);
			runOnlyForDeploymentPostprocessing = 0;
		};
		331C44351E72F59C00818981 /* Frameworks */ = {
			isa = PBXFrameworksBuildPhase;
			buildActionMask = 2147483647;
			files = (
				FE546EA4B59612BF3B186730 /* Pods_MovieDemoTests.framework in Frameworks */,
			);
			runOnlyForDeploymentPostprocessing = 0;
		};
		331C44401E72F59C00818981 /* Frameworks */ = {
			isa = PBXFrameworksBuildPhase;
			buildActionMask = 2147483647;
			files = (
				C5178E249F78A62F23B197AE /* Pods_MovieDemoUITests.framework in Frameworks */,
			);
			runOnlyForDeploymentPostprocessing = 0;
		};
/* End PBXFrameworksBuildPhase section */

/* Begin PBXGroup section */
		17601C1285180AF53098ECBA /* Pods */ = {
			isa = PBXGroup;
			children = (
				282763201CA2A45221B58D9F /* Pods-MovieDemo.debug.xcconfig */,
				270C356304F589D77436E696 /* Pods-MovieDemo.release.xcconfig */,
				3F8B17506E7F62BC470B7BE8 /* Pods-MovieDemoTests.debug.xcconfig */,
				858A1DCB67F43AEE560FC825 /* Pods-MovieDemoTests.release.xcconfig */,
				BCD6D8E5310DED4F0A4B48B3 /* Pods-MovieDemoUITests.debug.xcconfig */,
				2E5206ADBB0B7CD782F49100 /* Pods-MovieDemoUITests.release.xcconfig */,
			);
			name = Pods;
			sourceTree = "<group>";
		};
		322023C0C924A4A761DF5866 /* Frameworks */ = {
			isa = PBXGroup;
			children = (
				1947FCCB953A65B92F60AA8A /* Pods_MovieDemo.framework */,
				1FF9A487A6B2A9CBC4292695 /* Pods_MovieDemoTests.framework */,
				DD9B7C6FD5E9D41E3D4DA036 /* Pods_MovieDemoUITests.framework */,
			);
			name = Frameworks;
			sourceTree = "<group>";
		};
		331C441B1E72F59C00818981 = {
			isa = PBXGroup;
			children = (
				331C44261E72F59C00818981 /* MovieDemo */,
				331C443B1E72F59C00818981 /* MovieDemoTests */,
				331C44461E72F59C00818981 /* MovieDemoUITests */,
				331C44251E72F59C00818981 /* Products */,
				17601C1285180AF53098ECBA /* Pods */,
				322023C0C924A4A761DF5866 /* Frameworks */,
			);
			sourceTree = "<group>";
		};
		331C44251E72F59C00818981 /* Products */ = {
			isa = PBXGroup;
			children = (
				331C44241E72F59C00818981 /* MovieDemo.app */,
				331C44381E72F59C00818981 /* MovieDemoTests.xctest */,
				331C44431E72F59C00818981 /* MovieDemoUITests.xctest */,
			);
			name = Products;
			sourceTree = "<group>";
		};
		331C44261E72F59C00818981 /* MovieDemo */ = {
			isa = PBXGroup;
			children = (
				331C44271E72F59C00818981 /* AppDelegate.swift */,
				331C44641E72FE9400818981 /* R.swift */,
				33AB59931E755A6B00963351 /* Extenstion */,
				331C44581E72F9E500818981 /* Modules */,
				331C442B1E72F59C00818981 /* Main.storyboard */,
				331C442E1E72F59C00818981 /* Assets.xcassets */,
				331C44301E72F59C00818981 /* LaunchScreen.storyboard */,
				331C44331E72F59C00818981 /* Info.plist */,
			);
			path = MovieDemo;
			sourceTree = "<group>";
		};
		331C443B1E72F59C00818981 /* MovieDemoTests */ = {
			isa = PBXGroup;
			children = (
				331C443C1E72F59C00818981 /* MovieDemoTests.swift */,
				33AB59461E7370EE00963351 /* MovieListTests.swift */,
				33AB596B1E743F3200963351 /* MovieDetailTest.swift */,
				331C443E1E72F59C00818981 /* Info.plist */,
			);
			path = MovieDemoTests;
			sourceTree = "<group>";
		};
		331C44461E72F59C00818981 /* MovieDemoUITests */ = {
			isa = PBXGroup;
			children = (
				331C44471E72F59C00818981 /* MovieDemoUITests.swift */,
				331C44491E72F59C00818981 /* Info.plist */,
			);
			path = MovieDemoUITests;
			sourceTree = "<group>";
		};
		331C44581E72F9E500818981 /* Modules */ = {
			isa = PBXGroup;
			children = (
				331C44591E72F9E500818981 /* Detail */,
				331C445A1E72F9E500818981 /* MovieList */,
				331C445B1E72F9E500818981 /* Root */,
			);
			path = Modules;
			sourceTree = "<group>";
		};
		331C44591E72F9E500818981 /* Detail */ = {
			isa = PBXGroup;
			children = (
				33AB595D1E73FA7E00963351 /* MovieDetailContract.swift */,
				33AB59611E73FDBE00963351 /* MovieDetailPresenter.swift */,
				33AB59631E73FDF300963351 /* MovieDetailRouter.swift */,
				33AB595F1E73FBE400963351 /* MovieDetailViewController.swift */,
				33AB596D1E7441DE00963351 /* Cell */,
			);
			path = Detail;
			sourceTree = "<group>";
		};
		331C445A1E72F9E500818981 /* MovieList */ = {
			isa = PBXGroup;
			children = (
				331C445E1E72FB2600818981 /* MovieListContract.swift */,
				331C44601E72FC1D00818981 /* MovieListRouter.swift */,
				331C44681E7323DE00818981 /* MovieListPresenter.swift */,
				332464E11E73365C00FB0A0D /* MovieListInteractor.swift */,
				332464E31E7336C800FB0A0D /* MovieListService.swift */,
				33AB597E1E752A9600963351 /* Model */,
				33AB59811E752A9600963351 /* View */,
			);
			path = MovieList;
			sourceTree = "<group>";
		};
		331C445B1E72F9E500818981 /* Root */ = {
			isa = PBXGroup;
			children = (
				331C445C1E72FA1500818981 /* RootRouter.swift */,
			);
			path = Root;
			sourceTree = "<group>";
		};
		33AB596D1E7441DE00963351 /* Cell */ = {
			isa = PBXGroup;
			children = (
				33AB59701E74432200963351 /* MovieDetailTableViewCell.swift */,
				33AB59711E74432200963351 /* MovieDetailTableViewCell.xib */,
				33AB59721E74432200963351 /* MovieHeaderTableViewCell.swift */,
				33AB59731E74432200963351 /* MovieHeaderTableViewCell.xib */,
			);
			path = Cell;
			sourceTree = "<group>";
		};
		33AB597E1E752A9600963351 /* Model */ = {
			isa = PBXGroup;
			children = (
				33AB597F1E752A9600963351 /* Movie.swift */,
				33AB59801E752A9600963351 /* MoviePageResponse.swift */,
			);
			path = Model;
			sourceTree = "<group>";
		};
		33AB59811E752A9600963351 /* View */ = {
			isa = PBXGroup;
			children = (
				33AB59821E752A9600963351 /* MovieCollectionViewCell.swift */,
				33AB59831E752A9600963351 /* MovieCollectionViewCell.xib */,
				33AB59841E752A9600963351 /* MovieListViewController.swift */,
				33AB59851E752A9600963351 /* MovieSearchResultViewController.swift */,
			);
			path = View;
			sourceTree = "<group>";
		};
		33AB59931E755A6B00963351 /* Extenstion */ = {
			isa = PBXGroup;
			children = (
				33AB59941E755A6B00963351 /* StringExtension.swift */,
				33AB59981E7572CE00963351 /* HUDExtension.swift */,
			);
			path = Extenstion;
			sourceTree = "<group>";
		};
/* End PBXGroup section */

/* Begin PBXNativeTarget section */
		331C44231E72F59C00818981 /* MovieDemo */ = {
			isa = PBXNativeTarget;
			buildConfigurationList = 331C444C1E72F59C00818981 /* Build configuration list for PBXNativeTarget "MovieDemo" */;
			buildPhases = (
				963259D2B0D134FE6C8B5383 /* [CP] Check Pods Manifest.lock */,
				331C44201E72F59C00818981 /* Sources */,
				331C44211E72F59C00818981 /* Frameworks */,
				331C44221E72F59C00818981 /* Resources */,
				EEB84DD4423E4E215F776F46 /* [CP] Embed Pods Frameworks */,
				D8FCB59A3A5D32E76A510DD6 /* [CP] Copy Pods Resources */,
			);
			buildRules = (
			);
			dependencies = (
			);
			name = MovieDemo;
			productName = MovieDemo;
			productReference = 331C44241E72F59C00818981 /* MovieDemo.app */;
			productType = "com.apple.product-type.application";
		};
		331C44371E72F59C00818981 /* MovieDemoTests */ = {
			isa = PBXNativeTarget;
			buildConfigurationList = 331C444F1E72F59C00818981 /* Build configuration list for PBXNativeTarget "MovieDemoTests" */;
			buildPhases = (
				788530E0B96C07AFE49F4BBE /* [CP] Check Pods Manifest.lock */,
				331C44341E72F59C00818981 /* Sources */,
				331C44351E72F59C00818981 /* Frameworks */,
				331C44361E72F59C00818981 /* Resources */,
				5E277FC7B68221F3CA31B6C8 /* [CP] Embed Pods Frameworks */,
				E84C2AF9AE882A85A4751468 /* [CP] Copy Pods Resources */,
			);
			buildRules = (
			);
			dependencies = (
				331C443A1E72F59C00818981 /* PBXTargetDependency */,
			);
			name = MovieDemoTests;
			productName = MovieDemoTests;
			productReference = 331C44381E72F59C00818981 /* MovieDemoTests.xctest */;
			productType = "com.apple.product-type.bundle.unit-test";
		};
		331C44421E72F59C00818981 /* MovieDemoUITests */ = {
			isa = PBXNativeTarget;
			buildConfigurationList = 331C44521E72F59C00818981 /* Build configuration list for PBXNativeTarget "MovieDemoUITests" */;
			buildPhases = (
				41ABFA56D4057A28438FBAFD /* [CP] Check Pods Manifest.lock */,
				331C443F1E72F59C00818981 /* Sources */,
				331C44401E72F59C00818981 /* Frameworks */,
				331C44411E72F59C00818981 /* Resources */,
				95BB3D4C898E88EF416D3860 /* [CP] Embed Pods Frameworks */,
				E8F98C5BDCDEC4F161E80FA5 /* [CP] Copy Pods Resources */,
			);
			buildRules = (
			);
			dependencies = (
				331C44451E72F59C00818981 /* PBXTargetDependency */,
			);
			name = MovieDemoUITests;
			productName = MovieDemoUITests;
			productReference = 331C44431E72F59C00818981 /* MovieDemoUITests.xctest */;
			productType = "com.apple.product-type.bundle.ui-testing";
		};
/* End PBXNativeTarget section */

/* Begin PBXProject section */
		331C441C1E72F59C00818981 /* Project object */ = {
			isa = PBXProject;
			attributes = {
				LastSwiftUpdateCheck = 0820;
				LastUpgradeCheck = 0820;
				ORGANIZATIONNAME = jk;
				TargetAttributes = {
					331C44231E72F59C00818981 = {
						CreatedOnToolsVersion = 8.2;
						ProvisioningStyle = Automatic;
					};
					331C44371E72F59C00818981 = {
						CreatedOnToolsVersion = 8.2;
						ProvisioningStyle = Automatic;
						TestTargetID = 331C44231E72F59C00818981;
					};
					331C44421E72F59C00818981 = {
						CreatedOnToolsVersion = 8.2;
						ProvisioningStyle = Automatic;
						TestTargetID = 331C44231E72F59C00818981;
					};
				};
			};
			buildConfigurationList = 331C441F1E72F59C00818981 /* Build configuration list for PBXProject "MovieDemo" */;
			compatibilityVersion = "Xcode 3.2";
			developmentRegion = English;
			hasScannedForEncodings = 0;
			knownRegions = (
				en,
				Base,
			);
			mainGroup = 331C441B1E72F59C00818981;
			productRefGroup = 331C44251E72F59C00818981 /* Products */;
			projectDirPath = "";
			projectRoot = "";
			targets = (
				331C44231E72F59C00818981 /* MovieDemo */,
				331C44371E72F59C00818981 /* MovieDemoTests */,
				331C44421E72F59C00818981 /* MovieDemoUITests */,
			);
		};
/* End PBXProject section */

/* Begin PBXResourcesBuildPhase section */
		331C44221E72F59C00818981 /* Resources */ = {
			isa = PBXResourcesBuildPhase;
			buildActionMask = 2147483647;
			files = (
				33AB59791E74432200963351 /* MovieHeaderTableViewCell.xib in Resources */,
				331C44321E72F59C00818981 /* LaunchScreen.storyboard in Resources */,
				331C442F1E72F59C00818981 /* Assets.xcassets in Resources */,
				33AB59771E74432200963351 /* MovieDetailTableViewCell.xib in Resources */,
				331C442D1E72F59C00818981 /* Main.storyboard in Resources */,
				33AB59891E752A9600963351 /* MovieCollectionViewCell.xib in Resources */,
			);
			runOnlyForDeploymentPostprocessing = 0;
		};
		331C44361E72F59C00818981 /* Resources */ = {
			isa = PBXResourcesBuildPhase;
			buildActionMask = 2147483647;
			files = (
			);
			runOnlyForDeploymentPostprocessing = 0;
		};
		331C44411E72F59C00818981 /* Resources */ = {
			isa = PBXResourcesBuildPhase;
			buildActionMask = 2147483647;
			files = (
			);
			runOnlyForDeploymentPostprocessing = 0;
		};
/* End PBXResourcesBuildPhase section */

/* Begin PBXShellScriptBuildPhase section */
		41ABFA56D4057A28438FBAFD /* [CP] Check Pods Manifest.lock */ = {
			isa = PBXShellScriptBuildPhase;
			buildActionMask = 2147483647;
			files = (
			);
			inputPaths = (
			);
			name = "[CP] Check Pods Manifest.lock";
			outputPaths = (
			);
			runOnlyForDeploymentPostprocessing = 0;
			shellPath = /bin/sh;
			shellScript = "diff \"${PODS_ROOT}/../Podfile.lock\" \"${PODS_ROOT}/Manifest.lock\" > /dev/null\nif [ $? != 0 ] ; then\n    # print error to STDERR\n    echo \"error: The sandbox is not in sync with the Podfile.lock. Run 'pod install' or update your CocoaPods installation.\" >&2\n    exit 1\nfi\n";
			showEnvVarsInLog = 0;
		};
		5E277FC7B68221F3CA31B6C8 /* [CP] Embed Pods Frameworks */ = {
			isa = PBXShellScriptBuildPhase;
			buildActionMask = 2147483647;
			files = (
			);
			inputPaths = (
			);
			name = "[CP] Embed Pods Frameworks";
			outputPaths = (
			);
			runOnlyForDeploymentPostprocessing = 0;
			shellPath = /bin/sh;
			shellScript = "\"${SRCROOT}/Pods/Target Support Files/Pods-MovieDemoTests/Pods-MovieDemoTests-frameworks.sh\"\n";
			showEnvVarsInLog = 0;
		};
		788530E0B96C07AFE49F4BBE /* [CP] Check Pods Manifest.lock */ = {
			isa = PBXShellScriptBuildPhase;
			buildActionMask = 2147483647;
			files = (
			);
			inputPaths = (
			);
			name = "[CP] Check Pods Manifest.lock";
			outputPaths = (
			);
			runOnlyForDeploymentPostprocessing = 0;
			shellPath = /bin/sh;
			shellScript = "diff \"${PODS_ROOT}/../Podfile.lock\" \"${PODS_ROOT}/Manifest.lock\" > /dev/null\nif [ $? != 0 ] ; then\n    # print error to STDERR\n    echo \"error: The sandbox is not in sync with the Podfile.lock. Run 'pod install' or update your CocoaPods installation.\" >&2\n    exit 1\nfi\n";
			showEnvVarsInLog = 0;
		};
		95BB3D4C898E88EF416D3860 /* [CP] Embed Pods Frameworks */ = {
			isa = PBXShellScriptBuildPhase;
			buildActionMask = 2147483647;
			files = (
			);
			inputPaths = (
			);
			name = "[CP] Embed Pods Frameworks";
			outputPaths = (
			);
			runOnlyForDeploymentPostprocessing = 0;
			shellPath = /bin/sh;
			shellScript = "\"${SRCROOT}/Pods/Target Support Files/Pods-MovieDemoUITests/Pods-MovieDemoUITests-frameworks.sh\"\n";
			showEnvVarsInLog = 0;
		};
		963259D2B0D134FE6C8B5383 /* [CP] Check Pods Manifest.lock */ = {
			isa = PBXShellScriptBuildPhase;
			buildActionMask = 2147483647;
			files = (
			);
			inputPaths = (
			);
			name = "[CP] Check Pods Manifest.lock";
			outputPaths = (
			);
			runOnlyForDeploymentPostprocessing = 0;
			shellPath = /bin/sh;
			shellScript = "diff \"${PODS_ROOT}/../Podfile.lock\" \"${PODS_ROOT}/Manifest.lock\" > /dev/null\nif [ $? != 0 ] ; then\n    # print error to STDERR\n    echo \"error: The sandbox is not in sync with the Podfile.lock. Run 'pod install' or update your CocoaPods installation.\" >&2\n    exit 1\nfi\n";
			showEnvVarsInLog = 0;
		};
		D8FCB59A3A5D32E76A510DD6 /* [CP] Copy Pods Resources */ = {
			isa = PBXShellScriptBuildPhase;
			buildActionMask = 2147483647;
			files = (
			);
			inputPaths = (
			);
			name = "[CP] Copy Pods Resources";
			outputPaths = (
			);
			runOnlyForDeploymentPostprocessing = 0;
			shellPath = /bin/sh;
			shellScript = "\"${SRCROOT}/Pods/Target Support Files/Pods-MovieDemo/Pods-MovieDemo-resources.sh\"\n";
			showEnvVarsInLog = 0;
		};
		E84C2AF9AE882A85A4751468 /* [CP] Copy Pods Resources */ = {
			isa = PBXShellScriptBuildPhase;
			buildActionMask = 2147483647;
			files = (
			);
			inputPaths = (
			);
			name = "[CP] Copy Pods Resources";
			outputPaths = (
			);
			runOnlyForDeploymentPostprocessing = 0;
			shellPath = /bin/sh;
			shellScript = "\"${SRCROOT}/Pods/Target Support Files/Pods-MovieDemoTests/Pods-MovieDemoTests-resources.sh\"\n";
			showEnvVarsInLog = 0;
		};
		E8F98C5BDCDEC4F161E80FA5 /* [CP] Copy Pods Resources */ = {
			isa = PBXShellScriptBuildPhase;
			buildActionMask = 2147483647;
			files = (
			);
			inputPaths = (
			);
			name = "[CP] Copy Pods Resources";
			outputPaths = (
			);
			runOnlyForDeploymentPostprocessing = 0;
			shellPath = /bin/sh;
			shellScript = "\"${SRCROOT}/Pods/Target Support Files/Pods-MovieDemoUITests/Pods-MovieDemoUITests-resources.sh\"\n";
			showEnvVarsInLog = 0;
		};
		EEB84DD4423E4E215F776F46 /* [CP] Embed Pods Frameworks */ = {
			isa = PBXShellScriptBuildPhase;
			buildActionMask = 2147483647;
			files = (
			);
			inputPaths = (
			);
			name = "[CP] Embed Pods Frameworks";
			outputPaths = (
			);
			runOnlyForDeploymentPostprocessing = 0;
			shellPath = /bin/sh;
			shellScript = "\"${SRCROOT}/Pods/Target Support Files/Pods-MovieDemo/Pods-MovieDemo-frameworks.sh\"\n";
			showEnvVarsInLog = 0;
		};
/* End PBXShellScriptBuildPhase section */

/* Begin PBXSourcesBuildPhase section */
		331C44201E72F59C00818981 /* Sources */ = {
			isa = PBXSourcesBuildPhase;
			buildActionMask = 2147483647;
			files = (
				33AB59621E73FDBE00963351 /* MovieDetailPresenter.swift in Sources */,
				33AB59871E752A9600963351 /* MoviePageResponse.swift in Sources */,
				33AB59641E73FDF300963351 /* MovieDetailRouter.swift in Sources */,
				33AB59601E73FBE400963351 /* MovieDetailViewController.swift in Sources */,
				332464E21E73365C00FB0A0D /* MovieListInteractor.swift in Sources */,
				332464E41E7336C800FB0A0D /* MovieListService.swift in Sources */,
				331C44651E72FE9400818981 /* R.swift in Sources */,
				33AB59861E752A9600963351 /* Movie.swift in Sources */,
				33AB595E1E73FA7E00963351 /* MovieDetailContract.swift in Sources */,
				331C445D1E72FA1500818981 /* RootRouter.swift in Sources */,
				331C44281E72F59C00818981 /* AppDelegate.swift in Sources */,
				33AB598A1E752A9600963351 /* MovieListViewController.swift in Sources */,
				33AB59951E755A6B00963351 /* StringExtension.swift in Sources */,
				33AB598B1E752A9600963351 /* MovieSearchResultViewController.swift in Sources */,
				331C44611E72FC1D00818981 /* MovieListRouter.swift in Sources */,
				331C445F1E72FB2600818981 /* MovieListContract.swift in Sources */,
				33AB59761E74432200963351 /* MovieDetailTableViewCell.swift in Sources */,
				33AB59991E7572CE00963351 /* HUDExtension.swift in Sources */,
				33AB59781E74432200963351 /* MovieHeaderTableViewCell.swift in Sources */,
				33AB59881E752A9600963351 /* MovieCollectionViewCell.swift in Sources */,
				331C44691E7323DE00818981 /* MovieListPresenter.swift in Sources */,
			);
			runOnlyForDeploymentPostprocessing = 0;
		};
		331C44341E72F59C00818981 /* Sources */ = {
			isa = PBXSourcesBuildPhase;
			buildActionMask = 2147483647;
			files = (
				33AB598D1E752ACB00963351 /* MovieListViewController.swift in Sources */,
				33AB599A1E75759500963351 /* HUDExtension.swift in Sources */,
				33AB596C1E743F3200963351 /* MovieDetailTest.swift in Sources */,
				33AB598E1E752ADA00963351 /* MoviePageResponse.swift in Sources */,
				33AB594B1E737BC300963351 /* MovieListContract.swift in Sources */,
				33AB59971E756D1E00963351 /* MovieListRouter.swift in Sources */,
				33AB59681E743AB800963351 /* MovieDetailContract.swift in Sources */,
				33AB59671E743AB400963351 /* MovieDetailPresenter.swift in Sources */,
				33AB594D1E737CA100963351 /* MovieListInteractor.swift in Sources */,
				33AB596A1E743AC200963351 /* MovieDetailViewController.swift in Sources */,
				33AB598C1E752AB800963351 /* Movie.swift in Sources */,
				33AB597B1E74479900963351 /* MovieHeaderTableViewCell.swift in Sources */,
				33AB59691E743ABE00963351 /* MovieDetailRouter.swift in Sources */,
				33AB597A1E74479500963351 /* MovieDetailTableViewCell.swift in Sources */,
				33AB59961E75619B00963351 /* StringExtension.swift in Sources */,
				33AB59901E7534D300963351 /* MovieSearchResultViewController.swift in Sources */,
				33AB598F1E752F9900963351 /* MovieCollectionViewCell.swift in Sources */,
				331C443D1E72F59C00818981 /* MovieDemoTests.swift in Sources */,
				33AB59481E73716200963351 /* MovieListPresenter.swift in Sources */,
				33AB594F1E737D3F00963351 /* R.swift in Sources */,
				33AB59471E7370EE00963351 /* MovieListTests.swift in Sources */,
				33AB594E1E737D2F00963351 /* MovieListService.swift in Sources */,
			);
			runOnlyForDeploymentPostprocessing = 0;
		};
		331C443F1E72F59C00818981 /* Sources */ = {
			isa = PBXSourcesBuildPhase;
			buildActionMask = 2147483647;
			files = (
				331C44481E72F59C00818981 /* MovieDemoUITests.swift in Sources */,
			);
			runOnlyForDeploymentPostprocessing = 0;
		};
/* End PBXSourcesBuildPhase section */

/* Begin PBXTargetDependency section */
		331C443A1E72F59C00818981 /* PBXTargetDependency */ = {
			isa = PBXTargetDependency;
			target = 331C44231E72F59C00818981 /* MovieDemo */;
			targetProxy = 331C44391E72F59C00818981 /* PBXContainerItemProxy */;
		};
		331C44451E72F59C00818981 /* PBXTargetDependency */ = {
			isa = PBXTargetDependency;
			target = 331C44231E72F59C00818981 /* MovieDemo */;
			targetProxy = 331C44441E72F59C00818981 /* PBXContainerItemProxy */;
		};
/* End PBXTargetDependency section */

/* Begin PBXVariantGroup section */
		331C442B1E72F59C00818981 /* Main.storyboard */ = {
			isa = PBXVariantGroup;
			children = (
				331C442C1E72F59C00818981 /* Base */,
			);
			name = Main.storyboard;
			sourceTree = "<group>";
		};
		331C44301E72F59C00818981 /* LaunchScreen.storyboard */ = {
			isa = PBXVariantGroup;
			children = (
				331C44311E72F59C00818981 /* Base */,
			);
			name = LaunchScreen.storyboard;
			sourceTree = "<group>";
		};
/* End PBXVariantGroup section */

/* Begin XCBuildConfiguration section */
		331C444A1E72F59C00818981 /* Debug */ = {
			isa = XCBuildConfiguration;
			buildSettings = {
				ALWAYS_SEARCH_USER_PATHS = NO;
				CLANG_ANALYZER_NONNULL = YES;
				CLANG_CXX_LANGUAGE_STANDARD = "gnu++0x";
				CLANG_CXX_LIBRARY = "libc++";
				CLANG_ENABLE_MODULES = YES;
				CLANG_ENABLE_OBJC_ARC = YES;
				CLANG_WARN_BOOL_CONVERSION = YES;
				CLANG_WARN_CONSTANT_CONVERSION = YES;
				CLANG_WARN_DIRECT_OBJC_ISA_USAGE = YES_ERROR;
				CLANG_WARN_DOCUMENTATION_COMMENTS = YES;
				CLANG_WARN_EMPTY_BODY = YES;
				CLANG_WARN_ENUM_CONVERSION = YES;
				CLANG_WARN_INFINITE_RECURSION = YES;
				CLANG_WARN_INT_CONVERSION = YES;
				CLANG_WARN_OBJC_ROOT_CLASS = YES_ERROR;
				CLANG_WARN_SUSPICIOUS_MOVE = YES;
				CLANG_WARN_UNREACHABLE_CODE = YES;
				CLANG_WARN__DUPLICATE_METHOD_MATCH = YES;
				"CODE_SIGN_IDENTITY[sdk=iphoneos*]" = "iPhone Developer";
				COPY_PHASE_STRIP = NO;
				DEBUG_INFORMATION_FORMAT = dwarf;
				ENABLE_STRICT_OBJC_MSGSEND = YES;
				ENABLE_TESTABILITY = YES;
				GCC_C_LANGUAGE_STANDARD = gnu99;
				GCC_DYNAMIC_NO_PIC = NO;
				GCC_NO_COMMON_BLOCKS = YES;
				GCC_OPTIMIZATION_LEVEL = 0;
				GCC_PREPROCESSOR_DEFINITIONS = (
					"DEBUG=1",
					"$(inherited)",
				);
				GCC_WARN_64_TO_32_BIT_CONVERSION = YES;
				GCC_WARN_ABOUT_RETURN_TYPE = YES_ERROR;
				GCC_WARN_UNDECLARED_SELECTOR = YES;
				GCC_WARN_UNINITIALIZED_AUTOS = YES_AGGRESSIVE;
				GCC_WARN_UNUSED_FUNCTION = YES;
				GCC_WARN_UNUSED_VARIABLE = YES;
				IPHONEOS_DEPLOYMENT_TARGET = 10.2;
				MTL_ENABLE_DEBUG_INFO = YES;
				ONLY_ACTIVE_ARCH = YES;
				SDKROOT = iphoneos;
				SWIFT_ACTIVE_COMPILATION_CONDITIONS = DEBUG;
				SWIFT_OPTIMIZATION_LEVEL = "-Onone";
				TARGETED_DEVICE_FAMILY = "1,2";
			};
			name = Debug;
		};
		331C444B1E72F59C00818981 /* Release */ = {
			isa = XCBuildConfiguration;
			buildSettings = {
				ALWAYS_SEARCH_USER_PATHS = NO;
				CLANG_ANALYZER_NONNULL = YES;
				CLANG_CXX_LANGUAGE_STANDARD = "gnu++0x";
				CLANG_CXX_LIBRARY = "libc++";
				CLANG_ENABLE_MODULES = YES;
				CLANG_ENABLE_OBJC_ARC = YES;
				CLANG_WARN_BOOL_CONVERSION = YES;
				CLANG_WARN_CONSTANT_CONVERSION = YES;
				CLANG_WARN_DIRECT_OBJC_ISA_USAGE = YES_ERROR;
				CLANG_WARN_DOCUMENTATION_COMMENTS = YES;
				CLANG_WARN_EMPTY_BODY = YES;
				CLANG_WARN_ENUM_CONVERSION = YES;
				CLANG_WARN_INFINITE_RECURSION = YES;
				CLANG_WARN_INT_CONVERSION = YES;
				CLANG_WARN_OBJC_ROOT_CLASS = YES_ERROR;
				CLANG_WARN_SUSPICIOUS_MOVE = YES;
				CLANG_WARN_UNREACHABLE_CODE = YES;
				CLANG_WARN__DUPLICATE_METHOD_MATCH = YES;
				"CODE_SIGN_IDENTITY[sdk=iphoneos*]" = "iPhone Developer";
				COPY_PHASE_STRIP = NO;
				DEBUG_INFORMATION_FORMAT = "dwarf-with-dsym";
				ENABLE_NS_ASSERTIONS = NO;
				ENABLE_STRICT_OBJC_MSGSEND = YES;
				GCC_C_LANGUAGE_STANDARD = gnu99;
				GCC_NO_COMMON_BLOCKS = YES;
				GCC_WARN_64_TO_32_BIT_CONVERSION = YES;
				GCC_WARN_ABOUT_RETURN_TYPE = YES_ERROR;
				GCC_WARN_UNDECLARED_SELECTOR = YES;
				GCC_WARN_UNINITIALIZED_AUTOS = YES_AGGRESSIVE;
				GCC_WARN_UNUSED_FUNCTION = YES;
				GCC_WARN_UNUSED_VARIABLE = YES;
				IPHONEOS_DEPLOYMENT_TARGET = 10.2;
				MTL_ENABLE_DEBUG_INFO = NO;
				SDKROOT = iphoneos;
				SWIFT_OPTIMIZATION_LEVEL = "-Owholemodule";
				TARGETED_DEVICE_FAMILY = "1,2";
				VALIDATE_PRODUCT = YES;
			};
			name = Release;
		};
		331C444D1E72F59C00818981 /* Debug */ = {
			isa = XCBuildConfiguration;
			baseConfigurationReference = 282763201CA2A45221B58D9F /* Pods-MovieDemo.debug.xcconfig */;
			buildSettings = {
				ASSETCATALOG_COMPILER_APPICON_NAME = AppIcon;
				INFOPLIST_FILE = MovieDemo/Info.plist;
				LD_RUNPATH_SEARCH_PATHS = "$(inherited) @executable_path/Frameworks";
				LIBRARY_SEARCH_PATHS = (
					"$(inherited)",
					"$(PROJECT_DIR)/MovieDemo/OCMock",
				);
				PRODUCT_BUNDLE_IDENTIFIER = com.movie.demo.MovieDemo;
				PRODUCT_NAME = "$(TARGET_NAME)";
				SWIFT_VERSION = 3.0;
			};
			name = Debug;
		};
		331C444E1E72F59C00818981 /* Release */ = {
			isa = XCBuildConfiguration;
			baseConfigurationReference = 270C356304F589D77436E696 /* Pods-MovieDemo.release.xcconfig */;
			buildSettings = {
				ASSETCATALOG_COMPILER_APPICON_NAME = AppIcon;
				INFOPLIST_FILE = MovieDemo/Info.plist;
				LD_RUNPATH_SEARCH_PATHS = "$(inherited) @executable_path/Frameworks";
				LIBRARY_SEARCH_PATHS = (
					"$(inherited)",
					"$(PROJECT_DIR)/MovieDemo/OCMock",
				);
				PRODUCT_BUNDLE_IDENTIFIER = com.movie.demo.MovieDemo;
				PRODUCT_NAME = "$(TARGET_NAME)";
				SWIFT_VERSION = 3.0;
			};
			name = Release;
		};
		331C44501E72F59C00818981 /* Debug */ = {
			isa = XCBuildConfiguration;
			baseConfigurationReference = 3F8B17506E7F62BC470B7BE8 /* Pods-MovieDemoTests.debug.xcconfig */;
			buildSettings = {
				ALWAYS_EMBED_SWIFT_STANDARD_LIBRARIES = YES;
				BUNDLE_LOADER = "$(TEST_HOST)";
				INFOPLIST_FILE = MovieDemoTests/Info.plist;
				LD_RUNPATH_SEARCH_PATHS = "$(inherited) @executable_path/Frameworks @loader_path/Frameworks";
				LIBRARY_SEARCH_PATHS = (
					"$(inherited)",
					"$(PROJECT_DIR)/MovieDemo/OCMock",
				);
				PRODUCT_BUNDLE_IDENTIFIER = com.movie.demo.MovieDemoTests;
				PRODUCT_NAME = "$(TARGET_NAME)";
				SWIFT_VERSION = 3.0;
				TEST_HOST = "$(BUILT_PRODUCTS_DIR)/MovieDemo.app/MovieDemo";
			};
			name = Debug;
		};
		331C44511E72F59C00818981 /* Release */ = {
			isa = XCBuildConfiguration;
			baseConfigurationReference = 858A1DCB67F43AEE560FC825 /* Pods-MovieDemoTests.release.xcconfig */;
			buildSettings = {
				ALWAYS_EMBED_SWIFT_STANDARD_LIBRARIES = YES;
				BUNDLE_LOADER = "$(TEST_HOST)";
				INFOPLIST_FILE = MovieDemoTests/Info.plist;
				LD_RUNPATH_SEARCH_PATHS = "$(inherited) @executable_path/Frameworks @loader_path/Frameworks";
				LIBRARY_SEARCH_PATHS = (
					"$(inherited)",
					"$(PROJECT_DIR)/MovieDemo/OCMock",
				);
				PRODUCT_BUNDLE_IDENTIFIER = com.movie.demo.MovieDemoTests;
				PRODUCT_NAME = "$(TARGET_NAME)";
				SWIFT_VERSION = 3.0;
				TEST_HOST = "$(BUILT_PRODUCTS_DIR)/MovieDemo.app/MovieDemo";
			};
			name = Release;
		};
		331C44531E72F59C00818981 /* Debug */ = {
			isa = XCBuildConfiguration;
			baseConfigurationReference = BCD6D8E5310DED4F0A4B48B3 /* Pods-MovieDemoUITests.debug.xcconfig */;
			buildSettings = {
				ALWAYS_EMBED_SWIFT_STANDARD_LIBRARIES = YES;
				INFOPLIST_FILE = MovieDemoUITests/Info.plist;
				LD_RUNPATH_SEARCH_PATHS = "$(inherited) @executable_path/Frameworks @loader_path/Frameworks";
				PRODUCT_BUNDLE_IDENTIFIER = com.movie.demo.MovieDemoUITests;
				PRODUCT_NAME = "$(TARGET_NAME)";
				SWIFT_VERSION = 3.0;
				TEST_TARGET_NAME = MovieDemo;
			};
			name = Debug;
		};
		331C44541E72F59C00818981 /* Release */ = {
			isa = XCBuildConfiguration;
			baseConfigurationReference = 2E5206ADBB0B7CD782F49100 /* Pods-MovieDemoUITests.release.xcconfig */;
			buildSettings = {
				ALWAYS_EMBED_SWIFT_STANDARD_LIBRARIES = YES;
				INFOPLIST_FILE = MovieDemoUITests/Info.plist;
				LD_RUNPATH_SEARCH_PATHS = "$(inherited) @executable_path/Frameworks @loader_path/Frameworks";
				PRODUCT_BUNDLE_IDENTIFIER = com.movie.demo.MovieDemoUITests;
				PRODUCT_NAME = "$(TARGET_NAME)";
				SWIFT_VERSION = 3.0;
				TEST_TARGET_NAME = MovieDemo;
			};
			name = Release;
		};
/* End XCBuildConfiguration section */

/* Begin XCConfigurationList section */
		331C441F1E72F59C00818981 /* Build configuration list for PBXProject "MovieDemo" */ = {
			isa = XCConfigurationList;
			buildConfigurations = (
				331C444A1E72F59C00818981 /* Debug */,
				331C444B1E72F59C00818981 /* Release */,
			);
			defaultConfigurationIsVisible = 0;
			defaultConfigurationName = Release;
		};
		331C444C1E72F59C00818981 /* Build configuration list for PBXNativeTarget "MovieDemo" */ = {
			isa = XCConfigurationList;
			buildConfigurations = (
				331C444D1E72F59C00818981 /* Debug */,
				331C444E1E72F59C00818981 /* Release */,
			);
			defaultConfigurationIsVisible = 0;
			defaultConfigurationName = Release;
		};
		331C444F1E72F59C00818981 /* Build configuration list for PBXNativeTarget "MovieDemoTests" */ = {
			isa = XCConfigurationList;
			buildConfigurations = (
				331C44501E72F59C00818981 /* Debug */,
				331C44511E72F59C00818981 /* Release */,
			);
			defaultConfigurationIsVisible = 0;
			defaultConfigurationName = Release;
		};
		331C44521E72F59C00818981 /* Build configuration list for PBXNativeTarget "MovieDemoUITests" */ = {
			isa = XCConfigurationList;
			buildConfigurations = (
				331C44531E72F59C00818981 /* Debug */,
				331C44541E72F59C00818981 /* Release */,
			);
			defaultConfigurationIsVisible = 0;
			defaultConfigurationName = Release;
		};
/* End XCConfigurationList section */
	};
	rootObject = 331C441C1E72F59C00818981 /* Project object */;
}
